{
    "requires": true,
    "lockfileVersion": 1,
    "dependencies": {
        "tinymce": {
            "version": "5.0.5",
            "resolved": "https://registry.npmjs.org/tinymce/-/tinymce-5.0.5.tgz",
            "integrity": "sha512-3cE7gfufXlbFBz4TMV/nfJtMM+a8J7K5Jy8keEU+T5QIRXcykF5/j7Dd32OXKQczqijy11+ffqM5tnvAbHzo/A=="
        }
    }
}
